
Microsoft Visual Studio Solution File, Format Version 12.00
# Visual Studio Version 17
VisualStudioVersion = 17.7.34031.279
MinimumVisualStudioVersion = 10.0.40219.1
Project("{8BC9CEB8-8B4A-11D0-8D11-00A0C91BC942}") = "Template", "Template\Template.vcxproj", "{A1C15B8E-F66A-40DF-9A86-A8DB99513DB2}"
EndProject
Project("{8BC9CEB8-8B4A-11D0-8D11-00A0C91BC942}") = "matrixTests", "matrixTests\matrixTests.vcxproj", "{EB1FEB45-E7E5-483D-96F2-F719FCDEFF28}"
EndProject
Global
	GlobalSection(SolutionConfigurationPlatforms) = preSolution
		Debug|x64 = Debug|x64
		Debug|x86 = Debug|x86
		Release|x64 = Release|x64
		Release|x86 = Release|x86
	EndGlobalSection
	GlobalSection(ProjectConfigurationPlatforms) = postSolution
		{A1C15B8E-F66A-40DF-9A86-A8DB99513DB2}.Debug|x64.ActiveCfg = Debug|x64
		{A1C15B8E-F66A-40DF-9A86-A8DB99513DB2}.Debug|x64.Build.0 = Debug|x64
		{A1C15B8E-F66A-40DF-9A86-A8DB99513DB2}.Debug|x86.ActiveCfg = Debug|Win32
		{A1C15B8E-F66A-40DF-9A86-A8DB99513DB2}.Debug|x86.Build.0 = Debug|Win32
		{A1C15B8E-F66A-40DF-9A86-A8DB99513DB2}.Release|x64.ActiveCfg = Release|x64
		{A1C15B8E-F66A-40DF-9A86-A8DB99513DB2}.Release|x64.Build.0 = Release|x64
		{A1C15B8E-F66A-40DF-9A86-A8DB99513DB2}.Release|x86.ActiveCfg = Release|Win32
		{A1C15B8E-F66A-40DF-9A86-A8DB99513DB2}.Release|x86.Build.0 = Release|Win32
		{EB1FEB45-E7E5-483D-96F2-F719FCDEFF28}.Debug|x64.ActiveCfg = Debug|x64
		{EB1FEB45-E7E5-483D-96F2-F719FCDEFF28}.Debug|x64.Build.0 = Debug|x64
		{EB1FEB45-E7E5-483D-96F2-F719FCDEFF28}.Debug|x86.ActiveCfg = Debug|Win32
		{EB1FEB45-E7E5-483D-96F2-F719FCDEFF28}.Debug|x86.Build.0 = Debug|Win32
		{EB1FEB45-E7E5-483D-96F2-F719FCDEFF28}.Release|x64.ActiveCfg = Release|x64
		{EB1FEB45-E7E5-483D-96F2-F719FCDEFF28}.Release|x64.Build.0 = Release|x64
		{EB1FEB45-E7E5-483D-96F2-F719FCDEFF28}.Release|x86.ActiveCfg = Release|Win32
		{EB1FEB45-E7E5-483D-96F2-F719FCDEFF28}.Release|x86.Build.0 = Release|Win32
	EndGlobalSection
	GlobalSection(SolutionProperties) = preSolution
		HideSolutionNode = FALSE
	EndGlobalSection
	GlobalSection(ExtensibilityGlobals) = postSolution
		SolutionGuid = {1B3A317A-054B-4CF5-8D6D-1F99787D751E}
	EndGlobalSection
EndGlobal
